Microsoft Visual Studio Solution File, Format Version 11.00
# Visual Studio 2008

Project("{ECE63223-DE3E-72E3-6E7F-C5CB20BC9A60}") = "Unity_Zigfu_Kinect", "Assembly-CSharp-firstpass-vs.csproj", "{7277BBB9-858A-0C27-1507-7FB5EAB1F357}"
EndProject
Project("{ECE63223-DE3E-72E3-6E7F-C5CB20BC9A60}") = "Unity_Zigfu_Kinect", "Assembly-CSharp-vs.csproj", "{39EC606A-0EC0-00A8-8A24-448E5471BF7A}"
EndProject
Project("{ECE63223-DE3E-72E3-6E7F-C5CB20BC9A60}") = "Unity_Zigfu_Kinect", "Assembly-CSharp-Editor-vs.csproj", "{131E92A9-DE9F-1ABD-27DC-7F939ED78066}"
EndProject
Global
	GlobalSection(SolutionConfigurationPlatforms) = preSolution
		Debug|Any CPU = Debug|Any CPU
		Release|Any CPU = Release|Any CPU
	EndGlobalSection
	GlobalSection(ProjectConfigurationPlatforms) = postSolution
		{7277BBB9-858A-0C27-1507-7FB5EAB1F357}.Debug|Any CPU.ActiveCfg = Debug|Any CPU
		{7277BBB9-858A-0C27-1507-7FB5EAB1F357}.Debug|Any CPU.Build.0 = Debug|Any CPU
		{7277BBB9-858A-0C27-1507-7FB5EAB1F357}.Release|Any CPU.ActiveCfg = Release|Any CPU
		{7277BBB9-858A-0C27-1507-7FB5EAB1F357}.Release|Any CPU.Build.0 = Release|Any CPU
		{39EC606A-0EC0-00A8-8A24-448E5471BF7A}.Debug|Any CPU.ActiveCfg = Debug|Any CPU
		{39EC606A-0EC0-00A8-8A24-448E5471BF7A}.Debug|Any CPU.Build.0 = Debug|Any CPU
		{39EC606A-0EC0-00A8-8A24-448E5471BF7A}.Release|Any CPU.ActiveCfg = Release|Any CPU
		{39EC606A-0EC0-00A8-8A24-448E5471BF7A}.Release|Any CPU.Build.0 = Release|Any CPU
		{131E92A9-DE9F-1ABD-27DC-7F939ED78066}.Debug|Any CPU.ActiveCfg = Debug|Any CPU
		{131E92A9-DE9F-1ABD-27DC-7F939ED78066}.Debug|Any CPU.Build.0 = Debug|Any CPU
		{131E92A9-DE9F-1ABD-27DC-7F939ED78066}.Release|Any CPU.ActiveCfg = Release|Any CPU
		{131E92A9-DE9F-1ABD-27DC-7F939ED78066}.Release|Any CPU.Build.0 = Release|Any CPU
	EndGlobalSection
	GlobalSection(SolutionProperties) = preSolution
		HideSolutionNode = FALSE
	EndGlobalSection
							GlobalSection(MonoDevelopProperties) = preSolution
		StartupItem = Assembly-CSharp.csproj
		Policies = $0
		$0.TextStylePolicy = $1
		$1.inheritsSet = null
		$1.scope = text/x-csharp
		$0.CSharpFormattingPolicy = $2
		$2.inheritsSet = Mono
		$2.inheritsScope = text/x-csharp
		$2.scope = text/x-csharp
		$0.TextStylePolicy = $3
		$3.FileWidth = 120
		$3.TabWidth = 4
		$3.IndentWidth = 4
		$3.EolMarker = Unix
		$3.inheritsSet = Mono
		$3.inheritsScope = text/plain
		$3.scope = text/plain
	EndGlobalSection

EndGlobal
